
Microsoft Visual Studio Solution File, Format Version 12.00
# Blend for Visual Studio Version 17
VisualStudioVersion = 17.0.32112.339
MinimumVisualStudioVersion = 10.0.40219.1
Project("{FAE04EC0-301F-11D3-BF4B-00C04F79EFBC}") = "ValueConverter", "ValueConverter\ValueConverter.csproj", "{9555A0DA-994A-4FAF-A92F-5C0D10DF6BC6}"
EndProject
Global
	GlobalSection(SolutionConfigurationPlatforms) = preSolution
		Debug|Any CPU = Debug|Any CPU
		Release|Any CPU = Release|Any CPU
	EndGlobalSection
	GlobalSection(ProjectConfigurationPlatforms) = postSolution
		{9555A0DA-994A-4FAF-A92F-5C0D10DF6BC6}.Debug|Any CPU.ActiveCfg = Debug|Any CPU
		{9555A0DA-994A-4FAF-A92F-5C0D10DF6BC6}.Debug|Any CPU.Build.0 = Debug|Any CPU
		{9555A0DA-994A-4FAF-A92F-5C0D10DF6BC6}.Release|Any CPU.ActiveCfg = Release|Any CPU
		{9555A0DA-994A-4FAF-A92F-5C0D10DF6BC6}.Release|Any CPU.Build.0 = Release|Any CPU
	EndGlobalSection
	GlobalSection(SolutionProperties) = preSolution
		HideSolutionNode = FALSE
	EndGlobalSection
	GlobalSection(ExtensibilityGlobals) = postSolution
		SolutionGuid = {CECE05EC-8915-4186-B214-168863DE62D1}
	EndGlobalSection
EndGlobal
